// !$*UTF8*$!
{
	archiveVersion = 1;
	classes = {
	};
	objectVersion = 50;
	objects = {

/* Begin PBXBuildFile section */
		3703B0AD234543C0009BDC5B /* koordinatensystem.swift in Sources */ = {isa = PBXBuildFile; fileRef = 3703B0AC234543C0009BDC5B /* koordinatensystem.swift */; };
		3762D3C82343CEDB00262B4A /* Canvas.swift in Sources */ = {isa = PBXBuildFile; fileRef = 3762D3C72343CEDB00262B4A /* Canvas.swift */; };
		37F5F959234201C400BBD513 /* AppDelegate.swift in Sources */ = {isa = PBXBuildFile; fileRef = 37F5F958234201C400BBD513 /* AppDelegate.swift */; };
		37F5F95B234201C400BBD513 /* ViewController.swift in Sources */ = {isa = PBXBuildFile; fileRef = 37F5F95A234201C400BBD513 /* ViewController.swift */; };
		37F5F95E234201C400BBD513 /* Main.storyboard in Resources */ = {isa = PBXBuildFile; fileRef = 37F5F95C234201C400BBD513 /* Main.storyboard */; };
		37F5F960234201CA00BBD513 /* Assets.xcassets in Resources */ = {isa = PBXBuildFile; fileRef = 37F5F95F234201CA00BBD513 /* Assets.xcassets */; };
		37F5F963234201CA00BBD513 /* LaunchScreen.storyboard in Resources */ = {isa = PBXBuildFile; fileRef = 37F5F961234201CA00BBD513 /* LaunchScreen.storyboard */; };
/* End PBXBuildFile section */

/* Begin PBXFileReference section */
		3703B0AC234543C0009BDC5B /* koordinatensystem.swift */ = {isa = PBXFileReference; lastKnownFileType = sourcecode.swift; path = koordinatensystem.swift; sourceTree = "<group>"; };
		3762D3C72343CEDB00262B4A /* Canvas.swift */ = {isa = PBXFileReference; lastKnownFileType = sourcecode.swift; path = Canvas.swift; sourceTree = "<group>"; };
		37F5F955234201C400BBD513 /* Funktionen.app */ = {isa = PBXFileReference; explicitFileType = wrapper.application; includeInIndex = 0; path = Funktionen.app; sourceTree = BUILT_PRODUCTS_DIR; };
		37F5F958234201C400BBD513 /* AppDelegate.swift */ = {isa = PBXFileReference; lastKnownFileType = sourcecode.swift; path = AppDelegate.swift; sourceTree = "<group>"; };
		37F5F95A234201C400BBD513 /* ViewController.swift */ = {isa = PBXFileReference; lastKnownFileType = sourcecode.swift; path = ViewController.swift; sourceTree = "<group>"; };
		37F5F95D234201C400BBD513 /* Base */ = {isa = PBXFileReference; lastKnownFileType = file.storyboard; name = Base; path = Base.lproj/Main.storyboard; sourceTree = "<group>"; };
		37F5F95F234201CA00BBD513 /* Assets.xcassets */ = {isa = PBXFileReference; lastKnownFileType = folder.assetcatalog; path = Assets.xcassets; sourceTree = "<group>"; };
		37F5F962234201CA00BBD513 /* Base */ = {isa = PBXFileReference; lastKnownFileType = file.storyboard; name = Base; path = Base.lproj/LaunchScreen.storyboard; sourceTree = "<group>"; };
		37F5F964234201CA00BBD513 /* Info.plist */ = {isa = PBXFileReference; lastKnownFileType = text.plist.xml; path = Info.plist; sourceTree = "<group>"; };
/* End PBXFileReference section */

/* Begin PBXFrameworksBuildPhase section */
		37F5F952234201C400BBD513 /* Frameworks */ = {
			isa = PBXFrameworksBuildPhase;
			buildActionMask = 2147483647;
			files = (
			);
			runOnlyForDeploymentPostprocessing = 0;
		};
/* End PBXFrameworksBuildPhase section */

/* Begin PBXGroup section */
		37F5F94C234201C400BBD513 = {
			isa = PBXGroup;
			children = (
				37F5F957234201C400BBD513 /* Funktionen */,
				37F5F956234201C400BBD513 /* Products */,
			);
			sourceTree = "<group>";
		};
		37F5F956234201C400BBD513 /* Products */ = {
			isa = PBXGroup;
			children = (
				37F5F955234201C400BBD513 /* Funktionen.app */,
			);
			name = Products;
			sourceTree = "<group>";
		};
		37F5F957234201C400BBD513 /* Funktionen */ = {
			isa = PBXGroup;
			children = (
				37F5F958234201C400BBD513 /* AppDelegate.swift */,
				37F5F95A234201C400BBD513 /* ViewController.swift */,
				37F5F95C234201C400BBD513 /* Main.storyboard */,
				37F5F95F234201CA00BBD513 /* Assets.xcassets */,
				37F5F961234201CA00BBD513 /* LaunchScreen.storyboard */,
				37F5F964234201CA00BBD513 /* Info.plist */,
				3762D3C72343CEDB00262B4A /* Canvas.swift */,
				3703B0AC234543C0009BDC5B /* koordinatensystem.swift */,
			);
			path = Funktionen;
			sourceTree = "<group>";
		};
/* End PBXGroup section */

/* Begin PBXNativeTarget section */
		37F5F954234201C400BBD513 /* Funktionen */ = {
			isa = PBXNativeTarget;
			buildConfigurationList = 37F5F967234201CA00BBD513 /* Build configuration list for PBXNativeTarget "Funktionen" */;
			buildPhases = (
				37F5F951234201C400BBD513 /* Sources */,
				37F5F952234201C400BBD513 /* Frameworks */,
				37F5F953234201C400BBD513 /* Resources */,
			);
			buildRules = (
			);
			dependencies = (
			);
			name = Funktionen;
			productName = Funktionen;
			productReference = 37F5F955234201C400BBD513 /* Funktionen.app */;
			productType = "com.apple.product-type.application";
		};
/* End PBXNativeTarget section */

/* Begin PBXProject section */
		37F5F94D234201C400BBD513 /* Project object */ = {
			isa = PBXProject;
			attributes = {
				LastSwiftUpdateCheck = 1030;
				LastUpgradeCheck = 1030;
				ORGANIZATIONNAME = "Arkadiusz Paluszek";
				TargetAttributes = {
					37F5F954234201C400BBD513 = {
						CreatedOnToolsVersion = 10.3;
					};
				};
			};
			buildConfigurationList = 37F5F950234201C400BBD513 /* Build configuration list for PBXProject "Funktionen" */;
			compatibilityVersion = "Xcode 9.3";
			developmentRegion = en;
			hasScannedForEncodings = 0;
			knownRegions = (
				en,
				Base,
			);
			mainGroup = 37F5F94C234201C400BBD513;
			productRefGroup = 37F5F956234201C400BBD513 /* Products */;
			projectDirPath = "";
			projectRoot = "";
			targets = (
				37F5F954234201C400BBD513 /* Funktionen */,
			);
		};
/* End PBXProject section */

/* Begin PBXResourcesBuildPhase section */
		37F5F953234201C400BBD513 /* Resources */ = {
			isa = PBXResourcesBuildPhase;
			buildActionMask = 2147483647;
			files = (
				37F5F963234201CA00BBD513 /* LaunchScreen.storyboard in Resources */,
				37F5F960234201CA00BBD513 /* Assets.xcassets in Resources */,
				37F5F95E234201C400BBD513 /* Main.storyboard in Resources */,
			);
			runOnlyForDeploymentPostprocessing = 0;
		};
/* End PBXResourcesBuildPhase section */

/* Begin PBXSourcesBuildPhase section */
		37F5F951234201C400BBD513 /* Sources */ = {
			isa = PBXSourcesBuildPhase;
			buildActionMask = 2147483647;
			files = (
				37F5F95B234201C400BBD513 /* ViewController.swift in Sources */,
				3703B0AD234543C0009BDC5B /* koordinatensystem.swift in Sources */,
				37F5F959234201C400BBD513 /* AppDelegate.swift in Sources */,
				3762D3C82343CEDB00262B4A /* Canvas.swift in Sources */,
			);
			runOnlyForDeploymentPostprocessing = 0;
		};
/* End PBXSourcesBuildPhase section */

/* Begin PBXVariantGroup section */
		37F5F95C234201C400BBD513 /* Main.storyboard */ = {
			isa = PBXVariantGroup;
			children = (
				37F5F95D234201C400BBD513 /* Base */,
			);
			name = Main.storyboard;
			sourceTree = "<group>";
		};
		37F5F961234201CA00BBD513 /* LaunchScreen.storyboard */ = {
			isa = PBXVariantGroup;
			children = (
				37F5F962234201CA00BBD513 /* Base */,
			);
			name = LaunchScreen.storyboard;
			sourceTree = "<group>";
		};
/* End PBXVariantGroup section */

/* Begin XCBuildConfiguration section */
		37F5F965234201CA00BBD513 /* Debug */ = {
			isa = XCBuildConfiguration;
			buildSettings = {
				ALWAYS_SEARCH_USER_PATHS = NO;
				CLANG_ANALYZER_NONNULL = YES;
				CLANG_ANALYZER_NUMBER_OBJECT_CONVERSION = YES_AGGRESSIVE;
				CLANG_CXX_LANGUAGE_STANDARD = "gnu++14";
				CLANG_CXX_LIBRARY = "libc++";
				CLANG_ENABLE_MODULES = YES;
				CLANG_ENABLE_OBJC_ARC = YES;
				CLANG_ENABLE_OBJC_WEAK = YES;
				CLANG_WARN_BLOCK_CAPTURE_AUTORELEASING = YES;
				CLANG_WARN_BOOL_CONVERSION = YES;
				CLANG_WARN_COMMA = YES;
				CLANG_WARN_CONSTANT_CONVERSION = YES;
				CLANG_WARN_DEPRECATED_OBJC_IMPLEMENTATIONS = YES;
				CLANG_WARN_DIRECT_OBJC_ISA_USAGE = YES_ERROR;
				CLANG_WARN_DOCUMENTATION_COMMENTS = YES;
				CLANG_WARN_EMPTY_BODY = YES;
				CLANG_WARN_ENUM_CONVERSION = YES;
				CLANG_WARN_INFINITE_RECURSION = YES;
				CLANG_WARN_INT_CONVERSION = YES;
				CLANG_WARN_NON_LITERAL_NULL_CONVERSION = YES;
				CLANG_WARN_OBJC_IMPLICIT_RETAIN_SELF = YES;
				CLANG_WARN_OBJC_LITERAL_CONVERSION = YES;
				CLANG_WARN_OBJC_ROOT_CLASS = YES_ERROR;
				CLANG_WARN_RANGE_LOOP_ANALYSIS = YES;
				CLANG_WARN_STRICT_PROTOTYPES = YES;
				CLANG_WARN_SUSPICIOUS_MOVE = YES;
				CLANG_WARN_UNGUARDED_AVAILABILITY = YES_AGGRESSIVE;
				CLANG_WARN_UNREACHABLE_CODE = YES;
				CLANG_WARN__DUPLICATE_METHOD_MATCH = YES;
				CODE_SIGN_IDENTITY = "iPhone Developer";
				COPY_PHASE_STRIP = NO;
				DEBUG_INFORMATION_FORMAT = dwarf;
				ENABLE_STRICT_OBJC_MSGSEND = YES;
				ENABLE_TESTABILITY = YES;
				GCC_C_LANGUAGE_STANDARD = gnu11;
				GCC_DYNAMIC_NO_PIC = NO;
				GCC_NO_COMMON_BLOCKS = YES;
				GCC_OPTIMIZATION_LEVEL = 0;
				GCC_PREPROCESSOR_DEFINITIONS = (
					"DEBUG=1",
					"$(inherited)",
				);
				GCC_WARN_64_TO_32_BIT_CONVERSION = YES;
				GCC_WARN_ABOUT_RETURN_TYPE = YES_ERROR;
				GCC_WARN_UNDECLARED_SELECTOR = YES;
				GCC_WARN_UNINITIALIZED_AUTOS = YES_AGGRESSIVE;
				GCC_WARN_UNUSED_FUNCTION = YES;
				GCC_WARN_UNUSED_VARIABLE = YES;
				IPHONEOS_DEPLOYMENT_TARGET = 12.4;
				MTL_ENABLE_DEBUG_INFO = INCLUDE_SOURCE;
				MTL_FAST_MATH = YES;
				ONLY_ACTIVE_ARCH = YES;
				SDKROOT = iphoneos;
				SWIFT_ACTIVE_COMPILATION_CONDITIONS = DEBUG;
				SWIFT_OPTIMIZATION_LEVEL = "-Onone";
			};
			name = Debug;
		};
		37F5F966234201CA00BBD513 /* Release */ = {
			isa = XCBuildConfiguration;
			buildSettings = {
				ALWAYS_SEARCH_USER_PATHS = NO;
				CLANG_ANALYZER_NONNULL = YES;
				CLANG_ANALYZER_NUMBER_OBJECT_CONVERSION = YES_AGGRESSIVE;
				CLANG_CXX_LANGUAGE_STANDARD = "gnu++14";
				CLANG_CXX_LIBRARY = "libc++";
				CLANG_ENABLE_MODULES = YES;
				CLANG_ENABLE_OBJC_ARC = YES;
				CLANG_ENABLE_OBJC_WEAK = YES;
				CLANG_WARN_BLOCK_CAPTURE_AUTORELEASING = YES;
				CLANG_WARN_BOOL_CONVERSION = YES;
				CLANG_WARN_COMMA = YES;
				CLANG_WARN_CONSTANT_CONVERSION = YES;
				CLANG_WARN_DEPRECATED_OBJC_IMPLEMENTATIONS = YES;
				CLANG_WARN_DIRECT_OBJC_ISA_USAGE = YES_ERROR;
				CLANG_WARN_DOCUMENTATION_COMMENTS = YES;
				CLANG_WARN_EMPTY_BODY = YES;
				CLANG_WARN_ENUM_CONVERSION = YES;
				CLANG_WARN_INFINITE_RECURSION = YES;
				CLANG_WARN_INT_CONVERSION = YES;
				CLANG_WARN_NON_LITERAL_NULL_CONVERSION = YES;
				CLANG_WARN_OBJC_IMPLICIT_RETAIN_SELF = YES;
				CLANG_WARN_OBJC_LITERAL_CONVERSION = YES;
				CLANG_WARN_OBJC_ROOT_CLASS = YES_ERROR;
				CLANG_WARN_RANGE_LOOP_ANALYSIS = YES;
				CLANG_WARN_STRICT_PROTOTYPES = YES;
				CLANG_WARN_SUSPICIOUS_MOVE = YES;
				CLANG_WARN_UNGUARDED_AVAILABILITY = YES_AGGRESSIVE;
				CLANG_WARN_UNREACHABLE_CODE = YES;
				CLANG_WARN__DUPLICATE_METHOD_MATCH = YES;
				CODE_SIGN_IDENTITY = "iPhone Developer";
				COPY_PHASE_STRIP = NO;
				DEBUG_INFORMATION_FORMAT = "dwarf-with-dsym";
				ENABLE_NS_ASSERTIONS = NO;
				ENABLE_STRICT_OBJC_MSGSEND = YES;
				GCC_C_LANGUAGE_STANDARD = gnu11;
				GCC_NO_COMMON_BLOCKS = YES;
				GCC_WARN_64_TO_32_BIT_CONVERSION = YES;
				GCC_WARN_ABOUT_RETURN_TYPE = YES_ERROR;
				GCC_WARN_UNDECLARED_SELECTOR = YES;
				GCC_WARN_UNINITIALIZED_AUTOS = YES_AGGRESSIVE;
				GCC_WARN_UNUSED_FUNCTION = YES;
				GCC_WARN_UNUSED_VARIABLE = YES;
				IPHONEOS_DEPLOYMENT_TARGET = 12.4;
				MTL_ENABLE_DEBUG_INFO = NO;
				MTL_FAST_MATH = YES;
				SDKROOT = iphoneos;
				SWIFT_COMPILATION_MODE = wholemodule;
				SWIFT_OPTIMIZATION_LEVEL = "-O";
				VALIDATE_PRODUCT = YES;
			};
			name = Release;
		};
		37F5F968234201CA00BBD513 /* Debug */ = {
			isa = XCBuildConfiguration;
			buildSettings = {
				ASSETCATALOG_COMPILER_APPICON_NAME = AppIcon;
				CODE_SIGN_STYLE = Automatic;
				DEVELOPMENT_TEAM = SXQ8M6WQ65;
				INFOPLIST_FILE = Funktionen/Info.plist;
				LD_RUNPATH_SEARCH_PATHS = (
					"$(inherited)",
					"@executable_path/Frameworks",
				);
				PRODUCT_BUNDLE_IDENTIFIER = "flori-software.de.Funktionen";
				PRODUCT_NAME = "$(TARGET_NAME)";
				SWIFT_VERSION = 5.0;
				TARGETED_DEVICE_FAMILY = "1,2";
			};
			name = Debug;
		};
		37F5F969234201CA00BBD513 /* Release */ = {
			isa = XCBuildConfiguration;
			buildSettings = {
				ASSETCATALOG_COMPILER_APPICON_NAME = AppIcon;
				CODE_SIGN_STYLE = Automatic;
				DEVELOPMENT_TEAM = SXQ8M6WQ65;
				INFOPLIST_FILE = Funktionen/Info.plist;
				LD_RUNPATH_SEARCH_PATHS = (
					"$(inherited)",
					"@executable_path/Frameworks",
				);
				PRODUCT_BUNDLE_IDENTIFIER = "flori-software.de.Funktionen";
				PRODUCT_NAME = "$(TARGET_NAME)";
				SWIFT_VERSION = 5.0;
				TARGETED_DEVICE_FAMILY = "1,2";
			};
			name = Release;
		};
/* End XCBuildConfiguration section */

/* Begin XCConfigurationList section */
		37F5F950234201C400BBD513 /* Build configuration list for PBXProject "Funktionen" */ = {
			isa = XCConfigurationList;
			buildConfigurations = (
				37F5F965234201CA00BBD513 /* Debug */,
				37F5F966234201CA00BBD513 /* Release */,
			);
			defaultConfigurationIsVisible = 0;
			defaultConfigurationName = Release;
		};
		37F5F967234201CA00BBD513 /* Build configuration list for PBXNativeTarget "Funktionen" */ = {
			isa = XCConfigurationList;
			buildConfigurations = (
				37F5F968234201CA00BBD513 /* Debug */,
				37F5F969234201CA00BBD513 /* Release */,
			);
			defaultConfigurationIsVisible = 0;
			defaultConfigurationName = Release;
		};
/* End XCConfigurationList section */
	};
	rootObject = 37F5F94D234201C400BBD513 /* Project object */;
}
